// !$*UTF8*$!
{
	archiveVersion = 1;
	classes = {
	};
	objectVersion = 55;
	objects = {

/* Begin PBXBuildFile section */
		20AC2F162769B0EC00AB3A81 /* AppDelegate.swift in Sources */ = {isa = PBXBuildFile; fileRef = 20AC2F152769B0EC00AB3A81 /* AppDelegate.swift */; };
		20AC2F182769B0EC00AB3A81 /* SceneDelegate.swift in Sources */ = {isa = PBXBuildFile; fileRef = 20AC2F172769B0EC00AB3A81 /* SceneDelegate.swift */; };
		20AC2F1A2769B0EC00AB3A81 /* ViewController.swift in Sources */ = {isa = PBXBuildFile; fileRef = 20AC2F192769B0EC00AB3A81 /* ViewController.swift */; };
		20AC2F1D2769B0EC00AB3A81 /* Main.storyboard in Resources */ = {isa = PBXBuildFile; fileRef = 20AC2F1B2769B0EC00AB3A81 /* Main.storyboard */; };
		20AC2F1F2769B0ED00AB3A81 /* Assets.xcassets in Resources */ = {isa = PBXBuildFile; fileRef = 20AC2F1E2769B0ED00AB3A81 /* Assets.xcassets */; };
		20AC2F222769B0ED00AB3A81 /* LaunchScreen.storyboard in Resources */ = {isa = PBXBuildFile; fileRef = 20AC2F202769B0ED00AB3A81 /* LaunchScreen.storyboard */; };
		20AC2F2D2769B0ED00AB3A81 /* CatchTheKennyGameTests.swift in Sources */ = {isa = PBXBuildFile; fileRef = 20AC2F2C2769B0ED00AB3A81 /* CatchTheKennyGameTests.swift */; };
		20AC2F372769B0ED00AB3A81 /* CatchTheKennyGameUITests.swift in Sources */ = {isa = PBXBuildFile; fileRef = 20AC2F362769B0ED00AB3A81 /* CatchTheKennyGameUITests.swift */; };
		20AC2F392769B0ED00AB3A81 /* CatchTheKennyGameUITestsLaunchTests.swift in Sources */ = {isa = PBXBuildFile; fileRef = 20AC2F382769B0ED00AB3A81 /* CatchTheKennyGameUITestsLaunchTests.swift */; };
		20AC2F492769D0C300AB3A81 /* WelcomeViewController.swift in Sources */ = {isa = PBXBuildFile; fileRef = 20AC2F482769D0C300AB3A81 /* WelcomeViewController.swift */; };
		20AC2F4B2769DA8C00AB3A81 /* EndViewController.swift in Sources */ = {isa = PBXBuildFile; fileRef = 20AC2F4A2769DA8C00AB3A81 /* EndViewController.swift */; };
/* End PBXBuildFile section */

/* Begin PBXContainerItemProxy section */
		20AC2F292769B0ED00AB3A81 /* PBXContainerItemProxy */ = {
			isa = PBXContainerItemProxy;
			containerPortal = 20AC2F0A2769B0EC00AB3A81 /* Project object */;
			proxyType = 1;
			remoteGlobalIDString = 20AC2F112769B0EC00AB3A81;
			remoteInfo = CatchTheKennyGame;
		};
		20AC2F332769B0ED00AB3A81 /* PBXContainerItemProxy */ = {
			isa = PBXContainerItemProxy;
			containerPortal = 20AC2F0A2769B0EC00AB3A81 /* Project object */;
			proxyType = 1;
			remoteGlobalIDString = 20AC2F112769B0EC00AB3A81;
			remoteInfo = CatchTheKennyGame;
		};
/* End PBXContainerItemProxy section */

/* Begin PBXFileReference section */
		20AC2F122769B0EC00AB3A81 /* CatchTheKennyGame.app */ = {isa = PBXFileReference; explicitFileType = wrapper.application; includeInIndex = 0; path = CatchTheKennyGame.app; sourceTree = BUILT_PRODUCTS_DIR; };
		20AC2F152769B0EC00AB3A81 /* AppDelegate.swift */ = {isa = PBXFileReference; lastKnownFileType = sourcecode.swift; path = AppDelegate.swift; sourceTree = "<group>"; };
		20AC2F172769B0EC00AB3A81 /* SceneDelegate.swift */ = {isa = PBXFileReference; lastKnownFileType = sourcecode.swift; path = SceneDelegate.swift; sourceTree = "<group>"; };
		20AC2F192769B0EC00AB3A81 /* ViewController.swift */ = {isa = PBXFileReference; lastKnownFileType = sourcecode.swift; path = ViewController.swift; sourceTree = "<group>"; };
		20AC2F1C2769B0EC00AB3A81 /* Base */ = {isa = PBXFileReference; lastKnownFileType = file.storyboard; name = Base; path = Base.lproj/Main.storyboard; sourceTree = "<group>"; };
		20AC2F1E2769B0ED00AB3A81 /* Assets.xcassets */ = {isa = PBXFileReference; lastKnownFileType = folder.assetcatalog; path = Assets.xcassets; sourceTree = "<group>"; };
		20AC2F212769B0ED00AB3A81 /* Base */ = {isa = PBXFileReference; lastKnownFileType = file.storyboard; name = Base; path = Base.lproj/LaunchScreen.storyboard; sourceTree = "<group>"; };
		20AC2F232769B0ED00AB3A81 /* Info.plist */ = {isa = PBXFileReference; lastKnownFileType = text.plist.xml; path = Info.plist; sourceTree = "<group>"; };
		20AC2F282769B0ED00AB3A81 /* CatchTheKennyGameTests.xctest */ = {isa = PBXFileReference; explicitFileType = wrapper.cfbundle; includeInIndex = 0; path = CatchTheKennyGameTests.xctest; sourceTree = BUILT_PRODUCTS_DIR; };
		20AC2F2C2769B0ED00AB3A81 /* CatchTheKennyGameTests.swift */ = {isa = PBXFileReference; lastKnownFileType = sourcecode.swift; path = CatchTheKennyGameTests.swift; sourceTree = "<group>"; };
		20AC2F322769B0ED00AB3A81 /* CatchTheKennyGameUITests.xctest */ = {isa = PBXFileReference; explicitFileType = wrapper.cfbundle; includeInIndex = 0; path = CatchTheKennyGameUITests.xctest; sourceTree = BUILT_PRODUCTS_DIR; };
		20AC2F362769B0ED00AB3A81 /* CatchTheKennyGameUITests.swift */ = {isa = PBXFileReference; lastKnownFileType = sourcecode.swift; path = CatchTheKennyGameUITests.swift; sourceTree = "<group>"; };
		20AC2F382769B0ED00AB3A81 /* CatchTheKennyGameUITestsLaunchTests.swift */ = {isa = PBXFileReference; lastKnownFileType = sourcecode.swift; path = CatchTheKennyGameUITestsLaunchTests.swift; sourceTree = "<group>"; };
		20AC2F482769D0C300AB3A81 /* WelcomeViewController.swift */ = {isa = PBXFileReference; lastKnownFileType = sourcecode.swift; path = WelcomeViewController.swift; sourceTree = "<group>"; };
		20AC2F4A2769DA8C00AB3A81 /* EndViewController.swift */ = {isa = PBXFileReference; lastKnownFileType = sourcecode.swift; path = EndViewController.swift; sourceTree = "<group>"; };
/* End PBXFileReference section */

/* Begin PBXFrameworksBuildPhase section */
		20AC2F0F2769B0EC00AB3A81 /* Frameworks */ = {
			isa = PBXFrameworksBuildPhase;
			buildActionMask = 2147483647;
			files = (
			);
			runOnlyForDeploymentPostprocessing = 0;
		};
		20AC2F252769B0ED00AB3A81 /* Frameworks */ = {
			isa = PBXFrameworksBuildPhase;
			buildActionMask = 2147483647;
			files = (
			);
			runOnlyForDeploymentPostprocessing = 0;
		};
		20AC2F2F2769B0ED00AB3A81 /* Frameworks */ = {
			isa = PBXFrameworksBuildPhase;
			buildActionMask = 2147483647;
			files = (
			);
			runOnlyForDeploymentPostprocessing = 0;
		};
/* End PBXFrameworksBuildPhase section */

/* Begin PBXGroup section */
		20AC2F092769B0EC00AB3A81 = {
			isa = PBXGroup;
			children = (
				20AC2F142769B0EC00AB3A81 /* CatchTheKennyGame */,
				20AC2F2B2769B0ED00AB3A81 /* CatchTheKennyGameTests */,
				20AC2F352769B0ED00AB3A81 /* CatchTheKennyGameUITests */,
				20AC2F132769B0EC00AB3A81 /* Products */,
			);
			sourceTree = "<group>";
		};
		20AC2F132769B0EC00AB3A81 /* Products */ = {
			isa = PBXGroup;
			children = (
				20AC2F122769B0EC00AB3A81 /* CatchTheKennyGame.app */,
				20AC2F282769B0ED00AB3A81 /* CatchTheKennyGameTests.xctest */,
				20AC2F322769B0ED00AB3A81 /* CatchTheKennyGameUITests.xctest */,
			);
			name = Products;
			sourceTree = "<group>";
		};
		20AC2F142769B0EC00AB3A81 /* CatchTheKennyGame */ = {
			isa = PBXGroup;
			children = (
				20AC2F452769CC1D00AB3A81 /* controller */,
				20AC2F152769B0EC00AB3A81 /* AppDelegate.swift */,
				20AC2F172769B0EC00AB3A81 /* SceneDelegate.swift */,
				20AC2F1B2769B0EC00AB3A81 /* Main.storyboard */,
				20AC2F1E2769B0ED00AB3A81 /* Assets.xcassets */,
				20AC2F202769B0ED00AB3A81 /* LaunchScreen.storyboard */,
				20AC2F232769B0ED00AB3A81 /* Info.plist */,
			);
			path = CatchTheKennyGame;
			sourceTree = "<group>";
		};
		20AC2F2B2769B0ED00AB3A81 /* CatchTheKennyGameTests */ = {
			isa = PBXGroup;
			children = (
				20AC2F2C2769B0ED00AB3A81 /* CatchTheKennyGameTests.swift */,
			);
			path = CatchTheKennyGameTests;
			sourceTree = "<group>";
		};
		20AC2F352769B0ED00AB3A81 /* CatchTheKennyGameUITests */ = {
			isa = PBXGroup;
			children = (
				20AC2F362769B0ED00AB3A81 /* CatchTheKennyGameUITests.swift */,
				20AC2F382769B0ED00AB3A81 /* CatchTheKennyGameUITestsLaunchTests.swift */,
			);
			path = CatchTheKennyGameUITests;
			sourceTree = "<group>";
		};
		20AC2F452769CC1D00AB3A81 /* controller */ = {
			isa = PBXGroup;
			children = (
				20AC2F192769B0EC00AB3A81 /* ViewController.swift */,
				20AC2F482769D0C300AB3A81 /* WelcomeViewController.swift */,
				20AC2F4A2769DA8C00AB3A81 /* EndViewController.swift */,
			);
			path = controller;
			sourceTree = "<group>";
		};
/* End PBXGroup section */

/* Begin PBXNativeTarget section */
		20AC2F112769B0EC00AB3A81 /* CatchTheKennyGame */ = {
			isa = PBXNativeTarget;
			buildConfigurationList = 20AC2F3C2769B0ED00AB3A81 /* Build configuration list for PBXNativeTarget "CatchTheKennyGame" */;
			buildPhases = (
				20AC2F0E2769B0EC00AB3A81 /* Sources */,
				20AC2F0F2769B0EC00AB3A81 /* Frameworks */,
				20AC2F102769B0EC00AB3A81 /* Resources */,
			);
			buildRules = (
			);
			dependencies = (
			);
			name = CatchTheKennyGame;
			productName = CatchTheKennyGame;
			productReference = 20AC2F122769B0EC00AB3A81 /* CatchTheKennyGame.app */;
			productType = "com.apple.product-type.application";
		};
		20AC2F272769B0ED00AB3A81 /* CatchTheKennyGameTests */ = {
			isa = PBXNativeTarget;
			buildConfigurationList = 20AC2F3F2769B0ED00AB3A81 /* Build configuration list for PBXNativeTarget "CatchTheKennyGameTests" */;
			buildPhases = (
				20AC2F242769B0ED00AB3A81 /* Sources */,
				20AC2F252769B0ED00AB3A81 /* Frameworks */,
				20AC2F262769B0ED00AB3A81 /* Resources */,
			);
			buildRules = (
			);
			dependencies = (
				20AC2F2A2769B0ED00AB3A81 /* PBXTargetDependency */,
			);
			name = CatchTheKennyGameTests;
			productName = CatchTheKennyGameTests;
			productReference = 20AC2F282769B0ED00AB3A81 /* CatchTheKennyGameTests.xctest */;
			productType = "com.apple.product-type.bundle.unit-test";
		};
		20AC2F312769B0ED00AB3A81 /* CatchTheKennyGameUITests */ = {
			isa = PBXNativeTarget;
			buildConfigurationList = 20AC2F422769B0ED00AB3A81 /* Build configuration list for PBXNativeTarget "CatchTheKennyGameUITests" */;
			buildPhases = (
				20AC2F2E2769B0ED00AB3A81 /* Sources */,
				20AC2F2F2769B0ED00AB3A81 /* Frameworks */,
				20AC2F302769B0ED00AB3A81 /* Resources */,
			);
			buildRules = (
			);
			dependencies = (
				20AC2F342769B0ED00AB3A81 /* PBXTargetDependency */,
			);
			name = CatchTheKennyGameUITests;
			productName = CatchTheKennyGameUITests;
			productReference = 20AC2F322769B0ED00AB3A81 /* CatchTheKennyGameUITests.xctest */;
			productType = "com.apple.product-type.bundle.ui-testing";
		};
/* End PBXNativeTarget section */

/* Begin PBXProject section */
		20AC2F0A2769B0EC00AB3A81 /* Project object */ = {
			isa = PBXProject;
			attributes = {
				BuildIndependentTargetsInParallel = 1;
				LastSwiftUpdateCheck = 1310;
				LastUpgradeCheck = 1310;
				TargetAttributes = {
					20AC2F112769B0EC00AB3A81 = {
						CreatedOnToolsVersion = 13.1;
					};
					20AC2F272769B0ED00AB3A81 = {
						CreatedOnToolsVersion = 13.1;
						TestTargetID = 20AC2F112769B0EC00AB3A81;
					};
					20AC2F312769B0ED00AB3A81 = {
						CreatedOnToolsVersion = 13.1;
						TestTargetID = 20AC2F112769B0EC00AB3A81;
					};
				};
			};
			buildConfigurationList = 20AC2F0D2769B0EC00AB3A81 /* Build configuration list for PBXProject "CatchTheKennyGame" */;
			compatibilityVersion = "Xcode 13.0";
			developmentRegion = en;
			hasScannedForEncodings = 0;
			knownRegions = (
				en,
				Base,
			);
			mainGroup = 20AC2F092769B0EC00AB3A81;
			productRefGroup = 20AC2F132769B0EC00AB3A81 /* Products */;
			projectDirPath = "";
			projectRoot = "";
			targets = (
				20AC2F112769B0EC00AB3A81 /* CatchTheKennyGame */,
				20AC2F272769B0ED00AB3A81 /* CatchTheKennyGameTests */,
				20AC2F312769B0ED00AB3A81 /* CatchTheKennyGameUITests */,
			);
		};
/* End PBXProject section */

/* Begin PBXResourcesBuildPhase section */
		20AC2F102769B0EC00AB3A81 /* Resources */ = {
			isa = PBXResourcesBuildPhase;
			buildActionMask = 2147483647;
			files = (
				20AC2F222769B0ED00AB3A81 /* LaunchScreen.storyboard in Resources */,
				20AC2F1F2769B0ED00AB3A81 /* Assets.xcassets in Resources */,
				20AC2F1D2769B0EC00AB3A81 /* Main.storyboard in Resources */,
			);
			runOnlyForDeploymentPostprocessing = 0;
		};
		20AC2F262769B0ED00AB3A81 /* Resources */ = {
			isa = PBXResourcesBuildPhase;
			buildActionMask = 2147483647;
			files = (
			);
			runOnlyForDeploymentPostprocessing = 0;
		};
		20AC2F302769B0ED00AB3A81 /* Resources */ = {
			isa = PBXResourcesBuildPhase;
			buildActionMask = 2147483647;
			files = (
			);
			runOnlyForDeploymentPostprocessing = 0;
		};
/* End PBXResourcesBuildPhase section */

/* Begin PBXSourcesBuildPhase section */
		20AC2F0E2769B0EC00AB3A81 /* Sources */ = {
			isa = PBXSourcesBuildPhase;
			buildActionMask = 2147483647;
			files = (
				20AC2F1A2769B0EC00AB3A81 /* ViewController.swift in Sources */,
				20AC2F4B2769DA8C00AB3A81 /* EndViewController.swift in Sources */,
				20AC2F492769D0C300AB3A81 /* WelcomeViewController.swift in Sources */,
				20AC2F162769B0EC00AB3A81 /* AppDelegate.swift in Sources */,
				20AC2F182769B0EC00AB3A81 /* SceneDelegate.swift in Sources */,
			);
			runOnlyForDeploymentPostprocessing = 0;
		};
		20AC2F242769B0ED00AB3A81 /* Sources */ = {
			isa = PBXSourcesBuildPhase;
			buildActionMask = 2147483647;
			files = (
				20AC2F2D2769B0ED00AB3A81 /* CatchTheKennyGameTests.swift in Sources */,
			);
			runOnlyForDeploymentPostprocessing = 0;
		};
		20AC2F2E2769B0ED00AB3A81 /* Sources */ = {
			isa = PBXSourcesBuildPhase;
			buildActionMask = 2147483647;
			files = (
				20AC2F392769B0ED00AB3A81 /* CatchTheKennyGameUITestsLaunchTests.swift in Sources */,
				20AC2F372769B0ED00AB3A81 /* CatchTheKennyGameUITests.swift in Sources */,
			);
			runOnlyForDeploymentPostprocessing = 0;
		};
/* End PBXSourcesBuildPhase section */

/* Begin PBXTargetDependency section */
		20AC2F2A2769B0ED00AB3A81 /* PBXTargetDependency */ = {
			isa = PBXTargetDependency;
			target = 20AC2F112769B0EC00AB3A81 /* CatchTheKennyGame */;
			targetProxy = 20AC2F292769B0ED00AB3A81 /* PBXContainerItemProxy */;
		};
		20AC2F342769B0ED00AB3A81 /* PBXTargetDependency */ = {
			isa = PBXTargetDependency;
			target = 20AC2F112769B0EC00AB3A81 /* CatchTheKennyGame */;
			targetProxy = 20AC2F332769B0ED00AB3A81 /* PBXContainerItemProxy */;
		};
/* End PBXTargetDependency section */

/* Begin PBXVariantGroup section */
		20AC2F1B2769B0EC00AB3A81 /* Main.storyboard */ = {
			isa = PBXVariantGroup;
			children = (
				20AC2F1C2769B0EC00AB3A81 /* Base */,
			);
			name = Main.storyboard;
			sourceTree = "<group>";
		};
		20AC2F202769B0ED00AB3A81 /* LaunchScreen.storyboard */ = {
			isa = PBXVariantGroup;
			children = (
				20AC2F212769B0ED00AB3A81 /* Base */,
			);
			name = LaunchScreen.storyboard;
			sourceTree = "<group>";
		};
/* End PBXVariantGroup section */

/* Begin XCBuildConfiguration section */
		20AC2F3A2769B0ED00AB3A81 /* Debug */ = {
			isa = XCBuildConfiguration;
			buildSettings = {
				ALWAYS_SEARCH_USER_PATHS = NO;
				CLANG_ANALYZER_NONNULL = YES;
				CLANG_ANALYZER_NUMBER_OBJECT_CONVERSION = YES_AGGRESSIVE;
				CLANG_CXX_LANGUAGE_STANDARD = "gnu++17";
				CLANG_CXX_LIBRARY = "libc++";
				CLANG_ENABLE_MODULES = YES;
				CLANG_ENABLE_OBJC_ARC = YES;
				CLANG_ENABLE_OBJC_WEAK = YES;
				CLANG_WARN_BLOCK_CAPTURE_AUTORELEASING = YES;
				CLANG_WARN_BOOL_CONVERSION = YES;
				CLANG_WARN_COMMA = YES;
				CLANG_WARN_CONSTANT_CONVERSION = YES;
				CLANG_WARN_DEPRECATED_OBJC_IMPLEMENTATIONS = YES;
				CLANG_WARN_DIRECT_OBJC_ISA_USAGE = YES_ERROR;
				CLANG_WARN_DOCUMENTATION_COMMENTS = YES;
				CLANG_WARN_EMPTY_BODY = YES;
				CLANG_WARN_ENUM_CONVERSION = YES;
				CLANG_WARN_INFINITE_RECURSION = YES;
				CLANG_WARN_INT_CONVERSION = YES;
				CLANG_WARN_NON_LITERAL_NULL_CONVERSION = YES;
				CLANG_WARN_OBJC_IMPLICIT_RETAIN_SELF = YES;
				CLANG_WARN_OBJC_LITERAL_CONVERSION = YES;
				CLANG_WARN_OBJC_ROOT_CLASS = YES_ERROR;
				CLANG_WARN_QUOTED_INCLUDE_IN_FRAMEWORK_HEADER = YES;
				CLANG_WARN_RANGE_LOOP_ANALYSIS = YES;
				CLANG_WARN_STRICT_PROTOTYPES = YES;
				CLANG_WARN_SUSPICIOUS_MOVE = YES;
				CLANG_WARN_UNGUARDED_AVAILABILITY = YES_AGGRESSIVE;
				CLANG_WARN_UNREACHABLE_CODE = YES;
				CLANG_WARN__DUPLICATE_METHOD_MATCH = YES;
				COPY_PHASE_STRIP = NO;
				DEBUG_INFORMATION_FORMAT = dwarf;
				ENABLE_STRICT_OBJC_MSGSEND = YES;
				ENABLE_TESTABILITY = YES;
				GCC_C_LANGUAGE_STANDARD = gnu11;
				GCC_DYNAMIC_NO_PIC = NO;
				GCC_NO_COMMON_BLOCKS = YES;
				GCC_OPTIMIZATION_LEVEL = 0;
				GCC_PREPROCESSOR_DEFINITIONS = (
					"DEBUG=1",
					"$(inherited)",
				);
				GCC_WARN_64_TO_32_BIT_CONVERSION = YES;
				GCC_WARN_ABOUT_RETURN_TYPE = YES_ERROR;
				GCC_WARN_UNDECLARED_SELECTOR = YES;
				GCC_WARN_UNINITIALIZED_AUTOS = YES_AGGRESSIVE;
				GCC_WARN_UNUSED_FUNCTION = YES;
				GCC_WARN_UNUSED_VARIABLE = YES;
				IPHONEOS_DEPLOYMENT_TARGET = 15.0;
				MTL_ENABLE_DEBUG_INFO = INCLUDE_SOURCE;
				MTL_FAST_MATH = YES;
				ONLY_ACTIVE_ARCH = YES;
				SDKROOT = iphoneos;
				SWIFT_ACTIVE_COMPILATION_CONDITIONS = DEBUG;
				SWIFT_OPTIMIZATION_LEVEL = "-Onone";
			};
			name = Debug;
		};
		20AC2F3B2769B0ED00AB3A81 /* Release */ = {
			isa = XCBuildConfiguration;
			buildSettings = {
				ALWAYS_SEARCH_USER_PATHS = NO;
				CLANG_ANALYZER_NONNULL = YES;
				CLANG_ANALYZER_NUMBER_OBJECT_CONVERSION = YES_AGGRESSIVE;
				CLANG_CXX_LANGUAGE_STANDARD = "gnu++17";
				CLANG_CXX_LIBRARY = "libc++";
				CLANG_ENABLE_MODULES = YES;
				CLANG_ENABLE_OBJC_ARC = YES;
				CLANG_ENABLE_OBJC_WEAK = YES;
				CLANG_WARN_BLOCK_CAPTURE_AUTORELEASING = YES;
				CLANG_WARN_BOOL_CONVERSION = YES;
				CLANG_WARN_COMMA = YES;
				CLANG_WARN_CONSTANT_CONVERSION = YES;
				CLANG_WARN_DEPRECATED_OBJC_IMPLEMENTATIONS = YES;
				CLANG_WARN_DIRECT_OBJC_ISA_USAGE = YES_ERROR;
				CLANG_WARN_DOCUMENTATION_COMMENTS = YES;
				CLANG_WARN_EMPTY_BODY = YES;
				CLANG_WARN_ENUM_CONVERSION = YES;
				CLANG_WARN_INFINITE_RECURSION = YES;
				CLANG_WARN_INT_CONVERSION = YES;
				CLANG_WARN_NON_LITERAL_NULL_CONVERSION = YES;
				CLANG_WARN_OBJC_IMPLICIT_RETAIN_SELF = YES;
				CLANG_WARN_OBJC_LITERAL_CONVERSION = YES;
				CLANG_WARN_OBJC_ROOT_CLASS = YES_ERROR;
				CLANG_WARN_QUOTED_INCLUDE_IN_FRAMEWORK_HEADER = YES;
				CLANG_WARN_RANGE_LOOP_ANALYSIS = YES;
				CLANG_WARN_STRICT_PROTOTYPES = YES;
				CLANG_WARN_SUSPICIOUS_MOVE = YES;
				CLANG_WARN_UNGUARDED_AVAILABILITY = YES_AGGRESSIVE;
				CLANG_WARN_UNREACHABLE_CODE = YES;
				CLANG_WARN__DUPLICATE_METHOD_MATCH = YES;
				COPY_PHASE_STRIP = NO;
				DEBUG_INFORMATION_FORMAT = "dwarf-with-dsym";
				ENABLE_NS_ASSERTIONS = NO;
				ENABLE_STRICT_OBJC_MSGSEND = YES;
				GCC_C_LANGUAGE_STANDARD = gnu11;
				GCC_NO_COMMON_BLOCKS = YES;
				GCC_WARN_64_TO_32_BIT_CONVERSION = YES;
				GCC_WARN_ABOUT_RETURN_TYPE = YES_ERROR;
				GCC_WARN_UNDECLARED_SELECTOR = YES;
				GCC_WARN_UNINITIALIZED_AUTOS = YES_AGGRESSIVE;
				GCC_WARN_UNUSED_FUNCTION = YES;
				GCC_WARN_UNUSED_VARIABLE = YES;
				IPHONEOS_DEPLOYMENT_TARGET = 15.0;
				MTL_ENABLE_DEBUG_INFO = NO;
				MTL_FAST_MATH = YES;
				SDKROOT = iphoneos;
				SWIFT_COMPILATION_MODE = wholemodule;
				SWIFT_OPTIMIZATION_LEVEL = "-O";
				VALIDATE_PRODUCT = YES;
			};
			name = Release;
		};
		20AC2F3D2769B0ED00AB3A81 /* Debug */ = {
			isa = XCBuildConfiguration;
			buildSettings = {
				ASSETCATALOG_COMPILER_APPICON_NAME = AppIcon;
				ASSETCATALOG_COMPILER_GLOBAL_ACCENT_COLOR_NAME = AccentColor;
				CODE_SIGN_STYLE = Automatic;
				CURRENT_PROJECT_VERSION = 1;
				DEVELOPMENT_TEAM = 2ZZZSM83C5;
				GENERATE_INFOPLIST_FILE = YES;
				INFOPLIST_FILE = CatchTheKennyGame/Info.plist;
				INFOPLIST_KEY_UIApplicationSupportsIndirectInputEvents = YES;
				INFOPLIST_KEY_UILaunchStoryboardName = LaunchScreen;
				INFOPLIST_KEY_UIMainStoryboardFile = Main;
				INFOPLIST_KEY_UISupportedInterfaceOrientations_iPad = "UIInterfaceOrientationPortrait UIInterfaceOrientationPortraitUpsideDown UIInterfaceOrientationLandscapeLeft UIInterfaceOrientationLandscapeRight";
				INFOPLIST_KEY_UISupportedInterfaceOrientations_iPhone = "UIInterfaceOrientationPortrait UIInterfaceOrientationLandscapeLeft UIInterfaceOrientationLandscapeRight";
				LD_RUNPATH_SEARCH_PATHS = (
					"$(inherited)",
					"@executable_path/Frameworks",
				);
				MARKETING_VERSION = 1.0;
				PRODUCT_BUNDLE_IDENTIFIER = com.malozyali.CatchTheKennyGame;
				PRODUCT_NAME = "$(TARGET_NAME)";
				SWIFT_EMIT_LOC_STRINGS = YES;
				SWIFT_VERSION = 5.0;
				TARGETED_DEVICE_FAMILY = "1,2";
			};
			name = Debug;
		};
		20AC2F3E2769B0ED00AB3A81 /* Release */ = {
			isa = XCBuildConfiguration;
			buildSettings = {
				ASSETCATALOG_COMPILER_APPICON_NAME = AppIcon;
				ASSETCATALOG_COMPILER_GLOBAL_ACCENT_COLOR_NAME = AccentColor;
				CODE_SIGN_STYLE = Automatic;
				CURRENT_PROJECT_VERSION = 1;
				DEVELOPMENT_TEAM = 2ZZZSM83C5;
				GENERATE_INFOPLIST_FILE = YES;
				INFOPLIST_FILE = CatchTheKennyGame/Info.plist;
				INFOPLIST_KEY_UIApplicationSupportsIndirectInputEvents = YES;
				INFOPLIST_KEY_UILaunchStoryboardName = LaunchScreen;
				INFOPLIST_KEY_UIMainStoryboardFile = Main;
				INFOPLIST_KEY_UISupportedInterfaceOrientations_iPad = "UIInterfaceOrientationPortrait UIInterfaceOrientationPortraitUpsideDown UIInterfaceOrientationLandscapeLeft UIInterfaceOrientationLandscapeRight";
				INFOPLIST_KEY_UISupportedInterfaceOrientations_iPhone = "UIInterfaceOrientationPortrait UIInterfaceOrientationLandscapeLeft UIInterfaceOrientationLandscapeRight";
				LD_RUNPATH_SEARCH_PATHS = (
					"$(inherited)",
					"@executable_path/Frameworks",
				);
				MARKETING_VERSION = 1.0;
				PRODUCT_BUNDLE_IDENTIFIER = com.malozyali.CatchTheKennyGame;
				PRODUCT_NAME = "$(TARGET_NAME)";
				SWIFT_EMIT_LOC_STRINGS = YES;
				SWIFT_VERSION = 5.0;
				TARGETED_DEVICE_FAMILY = "1,2";
			};
			name = Release;
		};
		20AC2F402769B0ED00AB3A81 /* Debug */ = {
			isa = XCBuildConfiguration;
			buildSettings = {
				ALWAYS_EMBED_SWIFT_STANDARD_LIBRARIES = YES;
				BUNDLE_LOADER = "$(TEST_HOST)";
				CODE_SIGN_STYLE = Automatic;
				CURRENT_PROJECT_VERSION = 1;
				DEVELOPMENT_TEAM = 2ZZZSM83C5;
				GENERATE_INFOPLIST_FILE = YES;
				IPHONEOS_DEPLOYMENT_TARGET = 15.0;
				LD_RUNPATH_SEARCH_PATHS = (
					"$(inherited)",
					"@executable_path/Frameworks",
					"@loader_path/Frameworks",
				);
				MARKETING_VERSION = 1.0;
				PRODUCT_BUNDLE_IDENTIFIER = com.malozyali.CatchTheKennyGameTests;
				PRODUCT_NAME = "$(TARGET_NAME)";
				SWIFT_EMIT_LOC_STRINGS = NO;
				SWIFT_VERSION = 5.0;
				TARGETED_DEVICE_FAMILY = "1,2";
				TEST_HOST = "$(BUILT_PRODUCTS_DIR)/CatchTheKennyGame.app/CatchTheKennyGame";
			};
			name = Debug;
		};
		20AC2F412769B0ED00AB3A81 /* Release */ = {
			isa = XCBuildConfiguration;
			buildSettings = {
				ALWAYS_EMBED_SWIFT_STANDARD_LIBRARIES = YES;
				BUNDLE_LOADER = "$(TEST_HOST)";
				CODE_SIGN_STYLE = Automatic;
				CURRENT_PROJECT_VERSION = 1;
				DEVELOPMENT_TEAM = 2ZZZSM83C5;
				GENERATE_INFOPLIST_FILE = YES;
				IPHONEOS_DEPLOYMENT_TARGET = 15.0;
				LD_RUNPATH_SEARCH_PATHS = (
					"$(inherited)",
					"@executable_path/Frameworks",
					"@loader_path/Frameworks",
				);
				MARKETING_VERSION = 1.0;
				PRODUCT_BUNDLE_IDENTIFIER = com.malozyali.CatchTheKennyGameTests;
				PRODUCT_NAME = "$(TARGET_NAME)";
				SWIFT_EMIT_LOC_STRINGS = NO;
				SWIFT_VERSION = 5.0;
				TARGETED_DEVICE_FAMILY = "1,2";
				TEST_HOST = "$(BUILT_PRODUCTS_DIR)/CatchTheKennyGame.app/CatchTheKennyGame";
			};
			name = Release;
		};
		20AC2F432769B0ED00AB3A81 /* Debug */ = {
			isa = XCBuildConfiguration;
			buildSettings = {
				ALWAYS_EMBED_SWIFT_STANDARD_LIBRARIES = YES;
				CODE_SIGN_STYLE = Automatic;
				CURRENT_PROJECT_VERSION = 1;
				DEVELOPMENT_TEAM = 2ZZZSM83C5;
				GENERATE_INFOPLIST_FILE = YES;
				LD_RUNPATH_SEARCH_PATHS = (
					"$(inherited)",
					"@executable_path/Frameworks",
					"@loader_path/Frameworks",
				);
				MARKETING_VERSION = 1.0;
				PRODUCT_BUNDLE_IDENTIFIER = com.malozyali.CatchTheKennyGameUITests;
				PRODUCT_NAME = "$(TARGET_NAME)";
				SWIFT_EMIT_LOC_STRINGS = NO;
				SWIFT_VERSION = 5.0;
				TARGETED_DEVICE_FAMILY = "1,2";
				TEST_TARGET_NAME = CatchTheKennyGame;
			};
			name = Debug;
		};
		20AC2F442769B0ED00AB3A81 /* Release */ = {
			isa = XCBuildConfiguration;
			buildSettings = {
				ALWAYS_EMBED_SWIFT_STANDARD_LIBRARIES = YES;
				CODE_SIGN_STYLE = Automatic;
				CURRENT_PROJECT_VERSION = 1;
				DEVELOPMENT_TEAM = 2ZZZSM83C5;
				GENERATE_INFOPLIST_FILE = YES;
				LD_RUNPATH_SEARCH_PATHS = (
					"$(inherited)",
					"@executable_path/Frameworks",
					"@loader_path/Frameworks",
				);
				MARKETING_VERSION = 1.0;
				PRODUCT_BUNDLE_IDENTIFIER = com.malozyali.CatchTheKennyGameUITests;
				PRODUCT_NAME = "$(TARGET_NAME)";
				SWIFT_EMIT_LOC_STRINGS = NO;
				SWIFT_VERSION = 5.0;
				TARGETED_DEVICE_FAMILY = "1,2";
				TEST_TARGET_NAME = CatchTheKennyGame;
			};
			name = Release;
		};
/* End XCBuildConfiguration section */

/* Begin XCConfigurationList section */
		20AC2F0D2769B0EC00AB3A81 /* Build configuration list for PBXProject "CatchTheKennyGame" */ = {
			isa = XCConfigurationList;
			buildConfigurations = (
				20AC2F3A2769B0ED00AB3A81 /* Debug */,
				20AC2F3B2769B0ED00AB3A81 /* Release */,
			);
			defaultConfigurationIsVisible = 0;
			defaultConfigurationName = Release;
		};
		20AC2F3C2769B0ED00AB3A81 /* Build configuration list for PBXNativeTarget "CatchTheKennyGame" */ = {
			isa = XCConfigurationList;
			buildConfigurations = (
				20AC2F3D2769B0ED00AB3A81 /* Debug */,
				20AC2F3E2769B0ED00AB3A81 /* Release */,
			);
			defaultConfigurationIsVisible = 0;
			defaultConfigurationName = Release;
		};
		20AC2F3F2769B0ED00AB3A81 /* Build configuration list for PBXNativeTarget "CatchTheKennyGameTests" */ = {
			isa = XCConfigurationList;
			buildConfigurations = (
				20AC2F402769B0ED00AB3A81 /* Debug */,
				20AC2F412769B0ED00AB3A81 /* Release */,
			);
			defaultConfigurationIsVisible = 0;
			defaultConfigurationName = Release;
		};
		20AC2F422769B0ED00AB3A81 /* Build configuration list for PBXNativeTarget "CatchTheKennyGameUITests" */ = {
			isa = XCConfigurationList;
			buildConfigurations = (
				20AC2F432769B0ED00AB3A81 /* Debug */,
				20AC2F442769B0ED00AB3A81 /* Release */,
			);
			defaultConfigurationIsVisible = 0;
			defaultConfigurationName = Release;
		};
/* End XCConfigurationList section */
	};
	rootObject = 20AC2F0A2769B0EC00AB3A81 /* Project object */;
}
